
Microsoft Visual Studio Solution File, Format Version 12.00
# Visual Studio 15
VisualStudioVersion = 15.0.27428.2043
MinimumVisualStudioVersion = 10.0.40219.1
Project("{9A19103F-16F7-4668-BE54-9A1E7A4F7556}") = "Topshelf.Autofac", "Topshelf.Autofac\Topshelf.Autofac.csproj", "{96145823-7447-42FE-81BC-9AADA1C423B1}"
EndProject
Project("{FAE04EC0-301F-11D3-BF4B-00C04F79EFBC}") = "Topshelf.Autofac.Sample", "Topshelf.Autofac.Sample\Topshelf.Autofac.Sample.csproj", "{A4577A44-8780-4FF9-99EB-93B00181DEEA}"
EndProject
Global
	GlobalSection(SolutionConfigurationPlatforms) = preSolution
		Debug|Any CPU = Debug|Any CPU
		Release|Any CPU = Release|Any CPU
	EndGlobalSection
	GlobalSection(ProjectConfigurationPlatforms) = postSolution
		{96145823-7447-42FE-81BC-9AADA1C423B1}.Debug|Any CPU.ActiveCfg = Debug|Any CPU
		{96145823-7447-42FE-81BC-9AADA1C423B1}.Debug|Any CPU.Build.0 = Debug|Any CPU
		{96145823-7447-42FE-81BC-9AADA1C423B1}.Release|Any CPU.ActiveCfg = Release|Any CPU
		{96145823-7447-42FE-81BC-9AADA1C423B1}.Release|Any CPU.Build.0 = Release|Any CPU
		{A4577A44-8780-4FF9-99EB-93B00181DEEA}.Debug|Any CPU.ActiveCfg = Debug|Any CPU
		{A4577A44-8780-4FF9-99EB-93B00181DEEA}.Debug|Any CPU.Build.0 = Debug|Any CPU
		{A4577A44-8780-4FF9-99EB-93B00181DEEA}.Release|Any CPU.ActiveCfg = Release|Any CPU
		{A4577A44-8780-4FF9-99EB-93B00181DEEA}.Release|Any CPU.Build.0 = Release|Any CPU
	EndGlobalSection
	GlobalSection(SolutionProperties) = preSolution
		HideSolutionNode = FALSE
	EndGlobalSection
	GlobalSection(ExtensibilityGlobals) = postSolution
		SolutionGuid = {1344B404-E6C0-45DE-9B12-F26E506CF70F}
	EndGlobalSection
EndGlobal
